{
  "lockfileVersion": 1,
  "configVersion": 1,
  "workspaces": {
    "": {
      "name": "mdtoemail",
      "dependencies": {
        "satteri": "0.9.4",
      },
      "devDependencies": {
        "@types/bun": "^1.3.14",
        "typescript": "^6.0.3",
      },
    },
  },
  "packages": {
    "@bruits/satteri-darwin-arm64": ["@bruits/satteri-darwin-arm64@0.9.4", "", { "os": "darwin", "cpu": "arm64" }, "sha512-W3MSUkr2mZRR8Stoe+lqNAyzQzRuFMU8WffV9IvFSxTok0LGWR0ZZQPLELU4QTRiUbhL2Y4VUP9vV7pj8rHjgg=="],

    "@bruits/satteri-darwin-x64": ["@bruits/satteri-darwin-x64@0.9.4", "", { "os": "darwin", "cpu": "x64" }, "sha512-DXOuuaE1lsv7mpk2mOvGrzqoEWEvOIZEO/fXVa7zfM23Iob+CBjBkRAMwpHA4pmZ3j6Gj7WJzPKw0kQ7w741AQ=="],

    "@bruits/satteri-linux-arm64-gnu": ["@bruits/satteri-linux-arm64-gnu@0.9.4", "", { "os": "linux", "cpu": "arm64" }, "sha512-gJxU9rGGoqIznSEgEzpjxkry24jeHuMpoo1tCIAhHYh7WaD3j5F8zt3jmHxEaN1Uwa+K5+wFgIR2uIGOnMzEmw=="],

    "@bruits/satteri-linux-arm64-musl": ["@bruits/satteri-linux-arm64-musl@0.9.4", "", { "os": "linux", "cpu": "arm64" }, "sha512-Wjzu9hmmAbfmDkBfPI1VdZygJtYz9uYZQnkEyrXi6S2JFi+2pXQ1A5irj38bqm0IZmWcTbk0cVG4NZnPdtVNJA=="],

    "@bruits/satteri-linux-x64-gnu": ["@bruits/satteri-linux-x64-gnu@0.9.4", "", { "os": "linux", "cpu": "x64" }, "sha512-MR1Q+wMx65FQlbSV7cRqWW87Knp0zkoaIV55Dt+xZl028wJABXEPEEmG3670SLq7lVZvcGIDwCgSg2kCYxvRwA=="],

    "@bruits/satteri-linux-x64-musl": ["@bruits/satteri-linux-x64-musl@0.9.4", "", { "os": "linux", "cpu": "x64" }, "sha512-T4gxhXve3zyNAZesrXAd/rDZOGRkbfFIUFld4TGsw6BsjoIteCcDji6IMqeXyaWEVSykY2X8Eid2hr6aXGYAaw=="],

    "@bruits/satteri-wasm32-wasi": ["@bruits/satteri-wasm32-wasi@0.9.4", "", { "dependencies": { "@emnapi/core": "1.11.1", "@emnapi/runtime": "1.11.1", "@napi-rs/wasm-runtime": "^1.1.6" }, "cpu": "none" }, "sha512-/CEG8LUlpaBEnhFnYVn0UnlHFLs51UhrkJBUPDUXLzkadzAcnR88iRA/nOl7Zwhjb4WhfBV4p3P5qeOJMtH0iA=="],

    "@bruits/satteri-win32-arm64-msvc": ["@bruits/satteri-win32-arm64-msvc@0.9.4", "", { "os": "win32", "cpu": "arm64" }, "sha512-E1ZPQbgCtFKiU7pFYVndynvY7ne4coeVDUgnVThErSFlJ2ceQCBZrfRTD1lzrIDy63Bbqo+g/cZY9duw+JYjIw=="],

    "@bruits/satteri-win32-x64-msvc": ["@bruits/satteri-win32-x64-msvc@0.9.4", "", { "os": "win32", "cpu": "x64" }, "sha512-5I7SiarsNdAUuhJb50CXJPTwr/ECVrBoU+fymoLjChK5fW//+srhY4lstcNTzgFRtQSYfVtm4OQZz16CVMeTeA=="],

    "@emnapi/core": ["@emnapi/core@1.11.1", "", { "dependencies": { "@emnapi/wasi-threads": "1.2.2", "tslib": "^2.4.0" } }, "sha512-RSvbQmHzdKzNsLYa/wHrbc3KN4sYLKAdPZxqiM2HATqv/SBk2/ENSHpvXGaLOMcsAyz0poEGqkmmKYG3OWiJEQ=="],

    "@emnapi/runtime": ["@emnapi/runtime@1.11.1", "", { "dependencies": { "tslib": "^2.4.0" } }, "sha512-vgj7R3y3Wgx24IQaGPA/R6YFXLHVMOZ0uVEyIQPaWs+rd1AzfEMXlAC22FYwO1XkKR6NPsq7mUandH8oIRdZFw=="],

    "@emnapi/wasi-threads": ["@emnapi/wasi-threads@1.2.2", "", { "dependencies": { "tslib": "^2.4.0" } }, "sha512-c95qOXkHdydNKhscBTebqEC1CVAZpyqOfVfBzQ1qgzyl3gfeldUjIggDbIZgDKsHLgnsM+igH7TJ/eAasaVuMA=="],

    "@napi-rs/wasm-runtime": ["@napi-rs/wasm-runtime@1.1.6", "", { "dependencies": { "@tybys/wasm-util": "^0.10.3" }, "peerDependencies": { "@emnapi/core": "^1.7.1", "@emnapi/runtime": "^1.7.1" } }, "sha512-ZLv/JdUfkvOy9eCnnBaGfiO+XimbjebAeO+MRQqD/B+FR1tnRN0tpKSJHRbE8sFfS6aqsXZ67TQjfwfsxULVbg=="],

    "@tybys/wasm-util": ["@tybys/wasm-util@0.10.3", "", { "dependencies": { "tslib": "^2.4.0" } }, "sha512-F3fo1MYrRJYL3zER0OUOmkutjr1Vp23m7OsSgp7nq4SP6OqX6C/56XFIPAl5bt3zaBRjmW7SGz3u/6LwFpYcOg=="],

    "@types/bun": ["@types/bun@1.3.14", "", { "dependencies": { "bun-types": "1.3.14" } }, "sha512-h1hFqFVcvAvD9j9K7ZW7vd82aSA+rTdznZa+5bwvCwqSB1jmmfLcbIWhOLx1/+boy/xmjgCs/OMUL8hRJSmnPw=="],

    "@types/estree": ["@types/estree@1.0.9", "", {}, "sha512-GhdPgy1el4/ImP05X05Uw4cw2/M93BCUmnEvWZNStlCzEKME4Fkk+YpoA5OiHNQmoS7Cafb8Xa3Pya8m1Qrzeg=="],

    "@types/estree-jsx": ["@types/estree-jsx@1.0.5", "", { "dependencies": { "@types/estree": "*" } }, "sha512-52CcUVNFyfb1A2ALocQw/Dd1BQFNmSdkuC3BkZ6iqhdMfQz7JWOFRuJFloOzjk+6WijU56m9oKXFAXc7o3Towg=="],

    "@types/hast": ["@types/hast@3.0.4", "", { "dependencies": { "@types/unist": "*" } }, "sha512-WPs+bbQw5aCj+x6laNGWLH3wviHtoCv/P3+otBhbOhJgG8qtpdAMlTCxLtsTWA7LH1Oh/bFCHsBn0TPS5m30EQ=="],

    "@types/mdast": ["@types/mdast@4.0.4", "", { "dependencies": { "@types/unist": "*" } }, "sha512-kGaNbPh1k7AFzgpud/gMdvIm5xuECykRR+JnWKQno9TAXVa6WIVCGTPvYGekIDL4uwCZQSYbUxNBSb1aUo79oA=="],

    "@types/node": ["@types/node@26.0.1", "", { "dependencies": { "undici-types": "~8.3.0" } }, "sha512-fc3KiUoBt6kie0N9bIW3E47vZsuaMf0PM2AaUpLCLT0s/LvX1nxAim6Fc049cNxODPpGm6qRAuUOB86SkRuPQw=="],

    "@types/unist": ["@types/unist@3.0.3", "", {}, "sha512-ko/gIFJRv177XgZsZcBwnqJN5x/Gien8qNOn0D5bQU/zAzVf9Zt3BlcUiLqhV9y4ARk0GbT3tnUiPNgnTXzc/Q=="],

    "bun-types": ["bun-types@1.3.14", "", { "dependencies": { "@types/node": "*" } }, "sha512-4N0ig0fEomHt5R0KCFWjovxow98rIoRwKolrYdCcknNwMekCXRnWEUvgu5soYV8QXtVsrUD8B95MBOZGPvr6KQ=="],

    "satteri": ["satteri@0.9.4", "", { "dependencies": { "@types/estree-jsx": "^1.0.5", "@types/hast": "^3.0.4", "@types/mdast": "^4.0.4", "@types/unist": "^3.0.3" }, "optionalDependencies": { "@bruits/satteri-darwin-arm64": "0.9.4", "@bruits/satteri-darwin-x64": "0.9.4", "@bruits/satteri-linux-arm64-gnu": "0.9.4", "@bruits/satteri-linux-arm64-musl": "0.9.4", "@bruits/satteri-linux-x64-gnu": "0.9.4", "@bruits/satteri-linux-x64-musl": "0.9.4", "@bruits/satteri-wasm32-wasi": "0.9.4", "@bruits/satteri-win32-arm64-msvc": "0.9.4", "@bruits/satteri-win32-x64-msvc": "0.9.4" } }, "sha512-BKob126Tay84diOZsnVNH/Q/c+3njPJTCad3w5zLKa6j8bVjxskPNHDtxrMwYK4bN/RlqUSdMnPwKY4k65EMOQ=="],

    "tslib": ["tslib@2.8.1", "", {}, "sha512-oJFu94HQb+KVduSUQL7wnpmqnfmLsOA/nAh6b6EH0wCEoK0/mPeXU6c3wKDV83MkOuHPRHtSXKKU99IBazS/2w=="],

    "typescript": ["typescript@6.0.3", "", { "bin": { "tsc": "bin/tsc", "tsserver": "bin/tsserver" } }, "sha512-y2TvuxSZPDyQakkFRPZHKFm+KKVqIisdg9/CZwm9ftvKXLP8NRWj38/ODjNbr43SsoXqNuAisEf1GdCxqWcdBw=="],

    "undici-types": ["undici-types@8.3.0", "", {}, "sha512-j375ScV60dom+YkPFIfTLcOiPxkN/buHz5GobjLhixFuANaNs3C9l4GmrWqejgXWJ7BbJcFYpTEUkS1Ge8bpZQ=="],
  }
}
